// !$*UTF8*$!
{
	archiveVersion = 1;
	classes = {
	};
	objectVersion = 50;
	objects = {

/* Begin PBXBuildFile section */
		2B8855EA2446CD0A00B8DF0F /* AppDelegate.swift in Sources */ = {isa = PBXBuildFile; fileRef = 2B8855E92446CD0A00B8DF0F /* AppDelegate.swift */; };
		2B8855EC2446CD0A00B8DF0F /* SceneDelegate.swift in Sources */ = {isa = PBXBuildFile; fileRef = 2B8855EB2446CD0A00B8DF0F /* SceneDelegate.swift */; };
		2B8855F32446CD0B00B8DF0F /* Assets.xcassets in Resources */ = {isa = PBXBuildFile; fileRef = 2B8855F22446CD0B00B8DF0F /* Assets.xcassets */; };
		2B8855F62446CD0B00B8DF0F /* LaunchScreen.storyboard in Resources */ = {isa = PBXBuildFile; fileRef = 2B8855F42446CD0B00B8DF0F /* LaunchScreen.storyboard */; };
		2B8855FE2446CDF100B8DF0F /* CounterViewController.swift in Sources */ = {isa = PBXBuildFile; fileRef = 2B8855FD2446CDF100B8DF0F /* CounterViewController.swift */; };
		8FAC29E795AA109CF07012D2 /* Pods_Tasbih.framework in Frameworks */ = {isa = PBXBuildFile; fileRef = 17F43633513F366CD8A300DC /* Pods_Tasbih.framework */; };
/* End PBXBuildFile section */

/* Begin PBXFileReference section */
		17F43633513F366CD8A300DC /* Pods_Tasbih.framework */ = {isa = PBXFileReference; explicitFileType = wrapper.framework; includeInIndex = 0; path = Pods_Tasbih.framework; sourceTree = BUILT_PRODUCTS_DIR; };
		2B8855E62446CD0A00B8DF0F /* Tasbih.app */ = {isa = PBXFileReference; explicitFileType = wrapper.application; includeInIndex = 0; path = Tasbih.app; sourceTree = BUILT_PRODUCTS_DIR; };
		2B8855E92446CD0A00B8DF0F /* AppDelegate.swift */ = {isa = PBXFileReference; lastKnownFileType = sourcecode.swift; path = AppDelegate.swift; sourceTree = "<group>"; };
		2B8855EB2446CD0A00B8DF0F /* SceneDelegate.swift */ = {isa = PBXFileReference; lastKnownFileType = sourcecode.swift; path = SceneDelegate.swift; sourceTree = "<group>"; };
		2B8855F22446CD0B00B8DF0F /* Assets.xcassets */ = {isa = PBXFileReference; lastKnownFileType = folder.assetcatalog; path = Assets.xcassets; sourceTree = "<group>"; };
		2B8855F52446CD0B00B8DF0F /* Base */ = {isa = PBXFileReference; lastKnownFileType = file.storyboard; name = Base; path = Base.lproj/LaunchScreen.storyboard; sourceTree = "<group>"; };
		2B8855F72446CD0B00B8DF0F /* Info.plist */ = {isa = PBXFileReference; lastKnownFileType = text.plist.xml; path = Info.plist; sourceTree = "<group>"; };
		2B8855FD2446CDF100B8DF0F /* CounterViewController.swift */ = {isa = PBXFileReference; lastKnownFileType = sourcecode.swift; path = CounterViewController.swift; sourceTree = "<group>"; };
		422B79F20F0CED6FF23D2CA1 /* Pods-Tasbih.release.xcconfig */ = {isa = PBXFileReference; includeInIndex = 1; lastKnownFileType = text.xcconfig; name = "Pods-Tasbih.release.xcconfig"; path = "Target Support Files/Pods-Tasbih/Pods-Tasbih.release.xcconfig"; sourceTree = "<group>"; };
		4B596E242029EABE9E68A564 /* Pods-Tasbih.debug.xcconfig */ = {isa = PBXFileReference; includeInIndex = 1; lastKnownFileType = text.xcconfig; name = "Pods-Tasbih.debug.xcconfig"; path = "Target Support Files/Pods-Tasbih/Pods-Tasbih.debug.xcconfig"; sourceTree = "<group>"; };
/* End PBXFileReference section */

/* Begin PBXFrameworksBuildPhase section */
		2B8855E32446CD0A00B8DF0F /* Frameworks */ = {
			isa = PBXFrameworksBuildPhase;
			buildActionMask = 2147483647;
			files = (
				8FAC29E795AA109CF07012D2 /* Pods_Tasbih.framework in Frameworks */,
			);
			runOnlyForDeploymentPostprocessing = 0;
		};
/* End PBXFrameworksBuildPhase section */

/* Begin PBXGroup section */
		2B8855DD2446CD0900B8DF0F = {
			isa = PBXGroup;
			children = (
				2B8855E82446CD0A00B8DF0F /* Tasbih */,
				2B8855E72446CD0A00B8DF0F /* Products */,
				5DBB98C8122E548C59CB3B42 /* Pods */,
				7088873D63844FBDF11584C9 /* Frameworks */,
			);
			sourceTree = "<group>";
		};
		2B8855E72446CD0A00B8DF0F /* Products */ = {
			isa = PBXGroup;
			children = (
				2B8855E62446CD0A00B8DF0F /* Tasbih.app */,
			);
			name = Products;
			sourceTree = "<group>";
		};
		2B8855E82446CD0A00B8DF0F /* Tasbih */ = {
			isa = PBXGroup;
			children = (
				2B8855E92446CD0A00B8DF0F /* AppDelegate.swift */,
				2B8855EB2446CD0A00B8DF0F /* SceneDelegate.swift */,
				2B8855F22446CD0B00B8DF0F /* Assets.xcassets */,
				2B8855F42446CD0B00B8DF0F /* LaunchScreen.storyboard */,
				2B8855F72446CD0B00B8DF0F /* Info.plist */,
				2B8855FD2446CDF100B8DF0F /* CounterViewController.swift */,
			);
			path = Tasbih;
			sourceTree = "<group>";
		};
		5DBB98C8122E548C59CB3B42 /* Pods */ = {
			isa = PBXGroup;
			children = (
				4B596E242029EABE9E68A564 /* Pods-Tasbih.debug.xcconfig */,
				422B79F20F0CED6FF23D2CA1 /* Pods-Tasbih.release.xcconfig */,
			);
			name = Pods;
			path = Pods;
			sourceTree = "<group>";
		};
		7088873D63844FBDF11584C9 /* Frameworks */ = {
			isa = PBXGroup;
			children = (
				17F43633513F366CD8A300DC /* Pods_Tasbih.framework */,
			);
			name = Frameworks;
			sourceTree = "<group>";
		};
/* End PBXGroup section */

/* Begin PBXNativeTarget section */
		2B8855E52446CD0A00B8DF0F /* Tasbih */ = {
			isa = PBXNativeTarget;
			buildConfigurationList = 2B8855FA2446CD0B00B8DF0F /* Build configuration list for PBXNativeTarget "Tasbih" */;
			buildPhases = (
				C6D6A2A02F843FF8018A626C /* [CP] Check Pods Manifest.lock */,
				2B8855E22446CD0A00B8DF0F /* Sources */,
				2B8855E32446CD0A00B8DF0F /* Frameworks */,
				2B8855E42446CD0A00B8DF0F /* Resources */,
				0FED4CFD3C81ACDD1D392B98 /* [CP] Embed Pods Frameworks */,
			);
			buildRules = (
			);
			dependencies = (
			);
			name = Tasbih;
			productName = Tasbih;
			productReference = 2B8855E62446CD0A00B8DF0F /* Tasbih.app */;
			productType = "com.apple.product-type.application";
		};
/* End PBXNativeTarget section */

/* Begin PBXProject section */
		2B8855DE2446CD0900B8DF0F /* Project object */ = {
			isa = PBXProject;
			attributes = {
				LastSwiftUpdateCheck = 1130;
				LastUpgradeCheck = 1130;
				ORGANIZATIONNAME = "Sugirbay Margulan";
				TargetAttributes = {
					2B8855E52446CD0A00B8DF0F = {
						CreatedOnToolsVersion = 11.3;
					};
				};
			};
			buildConfigurationList = 2B8855E12446CD0A00B8DF0F /* Build configuration list for PBXProject "Tasbih" */;
			compatibilityVersion = "Xcode 9.3";
			developmentRegion = en;
			hasScannedForEncodings = 0;
			knownRegions = (
				en,
				Base,
			);
			mainGroup = 2B8855DD2446CD0900B8DF0F;
			productRefGroup = 2B8855E72446CD0A00B8DF0F /* Products */;
			projectDirPath = "";
			projectRoot = "";
			targets = (
				2B8855E52446CD0A00B8DF0F /* Tasbih */,
			);
		};
/* End PBXProject section */

/* Begin PBXResourcesBuildPhase section */
		2B8855E42446CD0A00B8DF0F /* Resources */ = {
			isa = PBXResourcesBuildPhase;
			buildActionMask = 2147483647;
			files = (
				2B8855F62446CD0B00B8DF0F /* LaunchScreen.storyboard in Resources */,
				2B8855F32446CD0B00B8DF0F /* Assets.xcassets in Resources */,
			);
			runOnlyForDeploymentPostprocessing = 0;
		};
/* End PBXResourcesBuildPhase section */

/* Begin PBXShellScriptBuildPhase section */
		0FED4CFD3C81ACDD1D392B98 /* [CP] Embed Pods Frameworks */ = {
			isa = PBXShellScriptBuildPhase;
			buildActionMask = 2147483647;
			files = (
			);
			inputFileListPaths = (
				"${PODS_ROOT}/Target Support Files/Pods-Tasbih/Pods-Tasbih-frameworks-${CONFIGURATION}-input-files.xcfilelist",
			);
			name = "[CP] Embed Pods Frameworks";
			outputFileListPaths = (
				"${PODS_ROOT}/Target Support Files/Pods-Tasbih/Pods-Tasbih-frameworks-${CONFIGURATION}-output-files.xcfilelist",
			);
			runOnlyForDeploymentPostprocessing = 0;
			shellPath = /bin/sh;
			shellScript = "\"${PODS_ROOT}/Target Support Files/Pods-Tasbih/Pods-Tasbih-frameworks.sh\"\n";
			showEnvVarsInLog = 0;
		};
		C6D6A2A02F843FF8018A626C /* [CP] Check Pods Manifest.lock */ = {
			isa = PBXShellScriptBuildPhase;
			buildActionMask = 2147483647;
			files = (
			);
			inputFileListPaths = (
			);
			inputPaths = (
				"${PODS_PODFILE_DIR_PATH}/Podfile.lock",
				"${PODS_ROOT}/Manifest.lock",
			);
			name = "[CP] Check Pods Manifest.lock";
			outputFileListPaths = (
			);
			outputPaths = (
				"$(DERIVED_FILE_DIR)/Pods-Tasbih-checkManifestLockResult.txt",
			);
			runOnlyForDeploymentPostprocessing = 0;
			shellPath = /bin/sh;
			shellScript = "diff \"${PODS_PODFILE_DIR_PATH}/Podfile.lock\" \"${PODS_ROOT}/Manifest.lock\" > /dev/null\nif [ $? != 0 ] ; then\n    # print error to STDERR\n    echo \"error: The sandbox is not in sync with the Podfile.lock. Run 'pod install' or update your CocoaPods installation.\" >&2\n    exit 1\nfi\n# This output is used by Xcode 'outputs' to avoid re-running this script phase.\necho \"SUCCESS\" > \"${SCRIPT_OUTPUT_FILE_0}\"\n";
			showEnvVarsInLog = 0;
		};
/* End PBXShellScriptBuildPhase section */

/* Begin PBXSourcesBuildPhase section */
		2B8855E22446CD0A00B8DF0F /* Sources */ = {
			isa = PBXSourcesBuildPhase;
			buildActionMask = 2147483647;
			files = (
				2B8855FE2446CDF100B8DF0F /* CounterViewController.swift in Sources */,
				2B8855EA2446CD0A00B8DF0F /* AppDelegate.swift in Sources */,
				2B8855EC2446CD0A00B8DF0F /* SceneDelegate.swift in Sources */,
			);
			runOnlyForDeploymentPostprocessing = 0;
		};
/* End PBXSourcesBuildPhase section */

/* Begin PBXVariantGroup section */
		2B8855F42446CD0B00B8DF0F /* LaunchScreen.storyboard */ = {
			isa = PBXVariantGroup;
			children = (
				2B8855F52446CD0B00B8DF0F /* Base */,
			);
			name = LaunchScreen.storyboard;
			sourceTree = "<group>";
		};
/* End PBXVariantGroup section */

/* Begin XCBuildConfiguration section */
		2B8855F82446CD0B00B8DF0F /* Debug */ = {
			isa = XCBuildConfiguration;
			buildSettings = {
				ALWAYS_SEARCH_USER_PATHS = NO;
				CLANG_ANALYZER_NONNULL = YES;
				CLANG_ANALYZER_NUMBER_OBJECT_CONVERSION = YES_AGGRESSIVE;
				CLANG_CXX_LANGUAGE_STANDARD = "gnu++14";
				CLANG_CXX_LIBRARY = "libc++";
				CLANG_ENABLE_MODULES = YES;
				CLANG_ENABLE_OBJC_ARC = YES;
				CLANG_ENABLE_OBJC_WEAK = YES;
				CLANG_WARN_BLOCK_CAPTURE_AUTORELEASING = YES;
				CLANG_WARN_BOOL_CONVERSION = YES;
				CLANG_WARN_COMMA = YES;
				CLANG_WARN_CONSTANT_CONVERSION = YES;
				CLANG_WARN_DEPRECATED_OBJC_IMPLEMENTATIONS = YES;
				CLANG_WARN_DIRECT_OBJC_ISA_USAGE = YES_ERROR;
				CLANG_WARN_DOCUMENTATION_COMMENTS = YES;
				CLANG_WARN_EMPTY_BODY = YES;
				CLANG_WARN_ENUM_CONVERSION = YES;
				CLANG_WARN_INFINITE_RECURSION = YES;
				CLANG_WARN_INT_CONVERSION = YES;
				CLANG_WARN_NON_LITERAL_NULL_CONVERSION = YES;
				CLANG_WARN_OBJC_IMPLICIT_RETAIN_SELF = YES;
				CLANG_WARN_OBJC_LITERAL_CONVERSION = YES;
				CLANG_WARN_OBJC_ROOT_CLASS = YES_ERROR;
				CLANG_WARN_RANGE_LOOP_ANALYSIS = YES;
				CLANG_WARN_STRICT_PROTOTYPES = YES;
				CLANG_WARN_SUSPICIOUS_MOVE = YES;
				CLANG_WARN_UNGUARDED_AVAILABILITY = YES_AGGRESSIVE;
				CLANG_WARN_UNREACHABLE_CODE = YES;
				CLANG_WARN__DUPLICATE_METHOD_MATCH = YES;
				COPY_PHASE_STRIP = NO;
				DEBUG_INFORMATION_FORMAT = dwarf;
				ENABLE_STRICT_OBJC_MSGSEND = YES;
				ENABLE_TESTABILITY = YES;
				GCC_C_LANGUAGE_STANDARD = gnu11;
				GCC_DYNAMIC_NO_PIC = NO;
				GCC_NO_COMMON_BLOCKS = YES;
				GCC_OPTIMIZATION_LEVEL = 0;
				GCC_PREPROCESSOR_DEFINITIONS = (
					"DEBUG=1",
					"$(inherited)",
				);
				GCC_WARN_64_TO_32_BIT_CONVERSION = YES;
				GCC_WARN_ABOUT_RETURN_TYPE = YES_ERROR;
				GCC_WARN_UNDECLARED_SELECTOR = YES;
				GCC_WARN_UNINITIALIZED_AUTOS = YES_AGGRESSIVE;
				GCC_WARN_UNUSED_FUNCTION = YES;
				GCC_WARN_UNUSED_VARIABLE = YES;
				IPHONEOS_DEPLOYMENT_TARGET = 13.2;
				MTL_ENABLE_DEBUG_INFO = INCLUDE_SOURCE;
				MTL_FAST_MATH = YES;
				ONLY_ACTIVE_ARCH = YES;
				SDKROOT = iphoneos;
				SWIFT_ACTIVE_COMPILATION_CONDITIONS = DEBUG;
				SWIFT_OPTIMIZATION_LEVEL = "-Onone";
			};
			name = Debug;
		};
		2B8855F92446CD0B00B8DF0F /* Release */ = {
			isa = XCBuildConfiguration;
			buildSettings = {
				ALWAYS_SEARCH_USER_PATHS = NO;
				CLANG_ANALYZER_NONNULL = YES;
				CLANG_ANALYZER_NUMBER_OBJECT_CONVERSION = YES_AGGRESSIVE;
				CLANG_CXX_LANGUAGE_STANDARD = "gnu++14";
				CLANG_CXX_LIBRARY = "libc++";
				CLANG_ENABLE_MODULES = YES;
				CLANG_ENABLE_OBJC_ARC = YES;
				CLANG_ENABLE_OBJC_WEAK = YES;
				CLANG_WARN_BLOCK_CAPTURE_AUTORELEASING = YES;
				CLANG_WARN_BOOL_CONVERSION = YES;
				CLANG_WARN_COMMA = YES;
				CLANG_WARN_CONSTANT_CONVERSION = YES;
				CLANG_WARN_DEPRECATED_OBJC_IMPLEMENTATIONS = YES;
				CLANG_WARN_DIRECT_OBJC_ISA_USAGE = YES_ERROR;
				CLANG_WARN_DOCUMENTATION_COMMENTS = YES;
				CLANG_WARN_EMPTY_BODY = YES;
				CLANG_WARN_ENUM_CONVERSION = YES;
				CLANG_WARN_INFINITE_RECURSION = YES;
				CLANG_WARN_INT_CONVERSION = YES;
				CLANG_WARN_NON_LITERAL_NULL_CONVERSION = YES;
				CLANG_WARN_OBJC_IMPLICIT_RETAIN_SELF = YES;
				CLANG_WARN_OBJC_LITERAL_CONVERSION = YES;
				CLANG_WARN_OBJC_ROOT_CLASS = YES_ERROR;
				CLANG_WARN_RANGE_LOOP_ANALYSIS = YES;
				CLANG_WARN_STRICT_PROTOTYPES = YES;
				CLANG_WARN_SUSPICIOUS_MOVE = YES;
				CLANG_WARN_UNGUARDED_AVAILABILITY = YES_AGGRESSIVE;
				CLANG_WARN_UNREACHABLE_CODE = YES;
				CLANG_WARN__DUPLICATE_METHOD_MATCH = YES;
				COPY_PHASE_STRIP = NO;
				DEBUG_INFORMATION_FORMAT = "dwarf-with-dsym";
				ENABLE_NS_ASSERTIONS = NO;
				ENABLE_STRICT_OBJC_MSGSEND = YES;
				GCC_C_LANGUAGE_STANDARD = gnu11;
				GCC_NO_COMMON_BLOCKS = YES;
				GCC_WARN_64_TO_32_BIT_CONVERSION = YES;
				GCC_WARN_ABOUT_RETURN_TYPE = YES_ERROR;
				GCC_WARN_UNDECLARED_SELECTOR = YES;
				GCC_WARN_UNINITIALIZED_AUTOS = YES_AGGRESSIVE;
				GCC_WARN_UNUSED_FUNCTION = YES;
				GCC_WARN_UNUSED_VARIABLE = YES;
				IPHONEOS_DEPLOYMENT_TARGET = 13.2;
				MTL_ENABLE_DEBUG_INFO = NO;
				MTL_FAST_MATH = YES;
				SDKROOT = iphoneos;
				SWIFT_COMPILATION_MODE = wholemodule;
				SWIFT_OPTIMIZATION_LEVEL = "-O";
				VALIDATE_PRODUCT = YES;
			};
			name = Release;
		};
		2B8855FB2446CD0B00B8DF0F /* Debug */ = {
			isa = XCBuildConfiguration;
			baseConfigurationReference = 4B596E242029EABE9E68A564 /* Pods-Tasbih.debug.xcconfig */;
			buildSettings = {
				ASSETCATALOG_COMPILER_APPICON_NAME = AppIcon;
				CODE_SIGN_STYLE = Automatic;
				DEVELOPMENT_TEAM = S7RP66WUPZ;
				INFOPLIST_FILE = Tasbih/Info.plist;
				LD_RUNPATH_SEARCH_PATHS = (
					"$(inherited)",
					"@executable_path/Frameworks",
				);
				PRODUCT_BUNDLE_IDENTIFIER = makintosh.Tasbih;
				PRODUCT_NAME = "$(TARGET_NAME)";
				SWIFT_VERSION = 5.0;
				TARGETED_DEVICE_FAMILY = "1,2";
			};
			name = Debug;
		};
		2B8855FC2446CD0B00B8DF0F /* Release */ = {
			isa = XCBuildConfiguration;
			baseConfigurationReference = 422B79F20F0CED6FF23D2CA1 /* Pods-Tasbih.release.xcconfig */;
			buildSettings = {
				ASSETCATALOG_COMPILER_APPICON_NAME = AppIcon;
				CODE_SIGN_STYLE = Automatic;
				DEVELOPMENT_TEAM = S7RP66WUPZ;
				INFOPLIST_FILE = Tasbih/Info.plist;
				LD_RUNPATH_SEARCH_PATHS = (
					"$(inherited)",
					"@executable_path/Frameworks",
				);
				PRODUCT_BUNDLE_IDENTIFIER = makintosh.Tasbih;
				PRODUCT_NAME = "$(TARGET_NAME)";
				SWIFT_VERSION = 5.0;
				TARGETED_DEVICE_FAMILY = "1,2";
			};
			name = Release;
		};
/* End XCBuildConfiguration section */

/* Begin XCConfigurationList section */
		2B8855E12446CD0A00B8DF0F /* Build configuration list for PBXProject "Tasbih" */ = {
			isa = XCConfigurationList;
			buildConfigurations = (
				2B8855F82446CD0B00B8DF0F /* Debug */,
				2B8855F92446CD0B00B8DF0F /* Release */,
			);
			defaultConfigurationIsVisible = 0;
			defaultConfigurationName = Release;
		};
		2B8855FA2446CD0B00B8DF0F /* Build configuration list for PBXNativeTarget "Tasbih" */ = {
			isa = XCConfigurationList;
			buildConfigurations = (
				2B8855FB2446CD0B00B8DF0F /* Debug */,
				2B8855FC2446CD0B00B8DF0F /* Release */,
			);
			defaultConfigurationIsVisible = 0;
			defaultConfigurationName = Release;
		};
/* End XCConfigurationList section */
	};
	rootObject = 2B8855DE2446CD0900B8DF0F /* Project object */;
}
